
Microsoft Visual Studio Solution File, Format Version 12.00
# Visual Studio 14
VisualStudioVersion = 14.0.25123.0
MinimumVisualStudioVersion = 10.0.40219.1
Project("{FAE04EC0-301F-11D3-BF4B-00C04F79EFBC}") = "Clarifier.CLI", "Clarifier.CLI\Clarifier.CLI.csproj", "{E5F6BFF9-949D-459E-B650-335E81BB096F}"
EndProject
Project("{FAE04EC0-301F-11D3-BF4B-00C04F79EFBC}") = "Clarifier.Core", "Clarifier.Core\Clarifier.Core.csproj", "{49C5E059-FA32-440F-B4C7-E69E32296AC0}"
EndProject
Project("{2150E333-8FDC-42A3-9474-1A3956D46DE8}") = "Test", "Test", "{C5B2D5AB-1AC0-42B4-812F-57E97A8A0866}"
EndProject
Project("{FAE04EC0-301F-11D3-BF4B-00C04F79EFBC}") = "Clarifier.Test.SimpleConsoleApplication", "Clarifier.Test\SimpleConsoleApplication\Clarifier.Test.SimpleConsoleApplication.csproj", "{9DE45910-AB12-45DC-A8C9-0A51F412913E}"
EndProject
Project("{FAE04EC0-301F-11D3-BF4B-00C04F79EFBC}") = "Clarifier.Test.ConfuserProjectsGenerator", "Clarifier.Test\TestGenerator\Clarifier.Test.ConfuserProjectsGenerator.csproj", "{5742BACA-691D-4D49-8B92-C3C62C40B430}"
EndProject
Project("{FAE04EC0-301F-11D3-BF4B-00C04F79EFBC}") = "Clarifier.Identification.Interface", "Clarifier.Identification.Interface\Clarifier.Identification.Interface.csproj", "{914878AC-4A12-4BB3-A4A0-68B1F74132A7}"
EndProject
Project("{FAE04EC0-301F-11D3-BF4B-00C04F79EFBC}") = "Clarifier.Identification.Impl", "Clarifier.Identification.Impl\Clarifier.Identification.Impl.csproj", "{4D692406-CBC1-4C99-B274-65B96DEA2539}"
EndProject
Global
	GlobalSection(SolutionConfigurationPlatforms) = preSolution
		Debug_ThreadSafe|Any CPU = Debug_ThreadSafe|Any CPU
		Debug|Any CPU = Debug|Any CPU
		Release_ThreadSafe|Any CPU = Release_ThreadSafe|Any CPU
		Release|Any CPU = Release|Any CPU
	EndGlobalSection
	GlobalSection(ProjectConfigurationPlatforms) = postSolution
		{E5F6BFF9-949D-459E-B650-335E81BB096F}.Debug_ThreadSafe|Any CPU.ActiveCfg = Debug|Any CPU
		{E5F6BFF9-949D-459E-B650-335E81BB096F}.Debug_ThreadSafe|Any CPU.Build.0 = Debug|Any CPU
		{E5F6BFF9-949D-459E-B650-335E81BB096F}.Debug|Any CPU.ActiveCfg = Debug|Any CPU
		{E5F6BFF9-949D-459E-B650-335E81BB096F}.Debug|Any CPU.Build.0 = Debug|Any CPU
		{E5F6BFF9-949D-459E-B650-335E81BB096F}.Release_ThreadSafe|Any CPU.ActiveCfg = Release|Any CPU
		{E5F6BFF9-949D-459E-B650-335E81BB096F}.Release_ThreadSafe|Any CPU.Build.0 = Release|Any CPU
		{E5F6BFF9-949D-459E-B650-335E81BB096F}.Release|Any CPU.ActiveCfg = Release|Any CPU
		{E5F6BFF9-949D-459E-B650-335E81BB096F}.Release|Any CPU.Build.0 = Release|Any CPU
		{49C5E059-FA32-440F-B4C7-E69E32296AC0}.Debug_ThreadSafe|Any CPU.ActiveCfg = Debug|Any CPU
		{49C5E059-FA32-440F-B4C7-E69E32296AC0}.Debug_ThreadSafe|Any CPU.Build.0 = Debug|Any CPU
		{49C5E059-FA32-440F-B4C7-E69E32296AC0}.Debug|Any CPU.ActiveCfg = Debug|Any CPU
		{49C5E059-FA32-440F-B4C7-E69E32296AC0}.Debug|Any CPU.Build.0 = Debug|Any CPU
		{49C5E059-FA32-440F-B4C7-E69E32296AC0}.Release_ThreadSafe|Any CPU.ActiveCfg = Release|Any CPU
		{49C5E059-FA32-440F-B4C7-E69E32296AC0}.Release_ThreadSafe|Any CPU.Build.0 = Release|Any CPU
		{49C5E059-FA32-440F-B4C7-E69E32296AC0}.Release|Any CPU.ActiveCfg = Release|Any CPU
		{49C5E059-FA32-440F-B4C7-E69E32296AC0}.Release|Any CPU.Build.0 = Release|Any CPU
		{9DE45910-AB12-45DC-A8C9-0A51F412913E}.Debug_ThreadSafe|Any CPU.ActiveCfg = Debug|Any CPU
		{9DE45910-AB12-45DC-A8C9-0A51F412913E}.Debug_ThreadSafe|Any CPU.Build.0 = Debug|Any CPU
		{9DE45910-AB12-45DC-A8C9-0A51F412913E}.Debug|Any CPU.ActiveCfg = Debug|Any CPU
		{9DE45910-AB12-45DC-A8C9-0A51F412913E}.Debug|Any CPU.Build.0 = Debug|Any CPU
		{9DE45910-AB12-45DC-A8C9-0A51F412913E}.Release_ThreadSafe|Any CPU.ActiveCfg = Release|Any CPU
		{9DE45910-AB12-45DC-A8C9-0A51F412913E}.Release_ThreadSafe|Any CPU.Build.0 = Release|Any CPU
		{9DE45910-AB12-45DC-A8C9-0A51F412913E}.Release|Any CPU.ActiveCfg = Release|Any CPU
		{9DE45910-AB12-45DC-A8C9-0A51F412913E}.Release|Any CPU.Build.0 = Release|Any CPU
		{5742BACA-691D-4D49-8B92-C3C62C40B430}.Debug_ThreadSafe|Any CPU.ActiveCfg = Debug|Any CPU
		{5742BACA-691D-4D49-8B92-C3C62C40B430}.Debug_ThreadSafe|Any CPU.Build.0 = Debug|Any CPU
		{5742BACA-691D-4D49-8B92-C3C62C40B430}.Debug|Any CPU.ActiveCfg = Debug|Any CPU
		{5742BACA-691D-4D49-8B92-C3C62C40B430}.Debug|Any CPU.Build.0 = Debug|Any CPU
		{5742BACA-691D-4D49-8B92-C3C62C40B430}.Release_ThreadSafe|Any CPU.ActiveCfg = Release|Any CPU
		{5742BACA-691D-4D49-8B92-C3C62C40B430}.Release_ThreadSafe|Any CPU.Build.0 = Release|Any CPU
		{5742BACA-691D-4D49-8B92-C3C62C40B430}.Release|Any CPU.ActiveCfg = Release|Any CPU
		{5742BACA-691D-4D49-8B92-C3C62C40B430}.Release|Any CPU.Build.0 = Release|Any CPU
		{914878AC-4A12-4BB3-A4A0-68B1F74132A7}.Debug_ThreadSafe|Any CPU.ActiveCfg = Debug|Any CPU
		{914878AC-4A12-4BB3-A4A0-68B1F74132A7}.Debug_ThreadSafe|Any CPU.Build.0 = Debug|Any CPU
		{914878AC-4A12-4BB3-A4A0-68B1F74132A7}.Debug|Any CPU.ActiveCfg = Debug|Any CPU
		{914878AC-4A12-4BB3-A4A0-68B1F74132A7}.Debug|Any CPU.Build.0 = Debug|Any CPU
		{914878AC-4A12-4BB3-A4A0-68B1F74132A7}.Release_ThreadSafe|Any CPU.ActiveCfg = Release|Any CPU
		{914878AC-4A12-4BB3-A4A0-68B1F74132A7}.Release_ThreadSafe|Any CPU.Build.0 = Release|Any CPU
		{914878AC-4A12-4BB3-A4A0-68B1F74132A7}.Release|Any CPU.ActiveCfg = Release|Any CPU
		{914878AC-4A12-4BB3-A4A0-68B1F74132A7}.Release|Any CPU.Build.0 = Release|Any CPU
		{4D692406-CBC1-4C99-B274-65B96DEA2539}.Debug_ThreadSafe|Any CPU.ActiveCfg = Debug|Any CPU
		{4D692406-CBC1-4C99-B274-65B96DEA2539}.Debug_ThreadSafe|Any CPU.Build.0 = Debug|Any CPU
		{4D692406-CBC1-4C99-B274-65B96DEA2539}.Debug|Any CPU.ActiveCfg = Debug|Any CPU
		{4D692406-CBC1-4C99-B274-65B96DEA2539}.Debug|Any CPU.Build.0 = Debug|Any CPU
		{4D692406-CBC1-4C99-B274-65B96DEA2539}.Release_ThreadSafe|Any CPU.ActiveCfg = Release|Any CPU
		{4D692406-CBC1-4C99-B274-65B96DEA2539}.Release_ThreadSafe|Any CPU.Build.0 = Release|Any CPU
		{4D692406-CBC1-4C99-B274-65B96DEA2539}.Release|Any CPU.ActiveCfg = Release|Any CPU
		{4D692406-CBC1-4C99-B274-65B96DEA2539}.Release|Any CPU.Build.0 = Release|Any CPU
	EndGlobalSection
	GlobalSection(SolutionProperties) = preSolution
		HideSolutionNode = FALSE
	EndGlobalSection
	GlobalSection(NestedProjects) = preSolution
		{9DE45910-AB12-45DC-A8C9-0A51F412913E} = {C5B2D5AB-1AC0-42B4-812F-57E97A8A0866}
		{5742BACA-691D-4D49-8B92-C3C62C40B430} = {C5B2D5AB-1AC0-42B4-812F-57E97A8A0866}
	EndGlobalSection
EndGlobal
